
Microsoft Visual Studio Solution File, Format Version 12.00
# Visual Studio Version 17
VisualStudioVersion = 17.0.31903.59
MinimumVisualStudioVersion = 10.0.40219.1
Project("{2150E333-8FDC-42A3-9474-1A3956D46DE8}") = "src", "src", "{5FF5F7A0-4BA0-4636-BDB4-A77E5506BC69}"
EndProject
Project("{FAE04EC0-301F-11D3-BF4B-00C04F79EFBC}") = "NgTest", "src\NgTest\NgTest.csproj", "{72531EB1-0A6E-40A7-B07D-503FACB294E2}"
EndProject
Global
	GlobalSection(SolutionConfigurationPlatforms) = preSolution
		Debug|Any CPU = Debug|Any CPU
		Release|Any CPU = Release|Any CPU
	EndGlobalSection
	GlobalSection(SolutionProperties) = preSolution
		HideSolutionNode = FALSE
	EndGlobalSection
	GlobalSection(ProjectConfigurationPlatforms) = postSolution
		{72531EB1-0A6E-40A7-B07D-503FACB294E2}.Debug|Any CPU.ActiveCfg = Debug|Any CPU
		{72531EB1-0A6E-40A7-B07D-503FACB294E2}.Debug|Any CPU.Build.0 = Debug|Any CPU
		{72531EB1-0A6E-40A7-B07D-503FACB294E2}.Release|Any CPU.ActiveCfg = Release|Any CPU
		{72531EB1-0A6E-40A7-B07D-503FACB294E2}.Release|Any CPU.Build.0 = Release|Any CPU
	EndGlobalSection
	GlobalSection(NestedProjects) = preSolution
		{72531EB1-0A6E-40A7-B07D-503FACB294E2} = {5FF5F7A0-4BA0-4636-BDB4-A77E5506BC69}
	EndGlobalSection
EndGlobal
